
Microsoft Visual Studio Solution File, Format Version 12.00
# Visual Studio Version 17
VisualStudioVersion = 17.5.33516.290
MinimumVisualStudioVersion = 10.0.40219.1
Project("{FAE04EC0-301F-11D3-BF4B-00C04F79EFBC}") = "LockerLock", "LockerLock.csproj", "{FCB11BFE-1369-4CE5-B7FC-AF20CADC5AAB}"
EndProject
Global
	GlobalSection(SolutionConfigurationPlatforms) = preSolution
		Debug|Any CPU = Debug|Any CPU
		Release|Any CPU = Release|Any CPU
	EndGlobalSection
	GlobalSection(ProjectConfigurationPlatforms) = postSolution
		{FCB11BFE-1369-4CE5-B7FC-AF20CADC5AAB}.Debug|Any CPU.ActiveCfg = Debug|Any CPU
		{FCB11BFE-1369-4CE5-B7FC-AF20CADC5AAB}.Debug|Any CPU.Build.0 = Debug|Any CPU
		{FCB11BFE-1369-4CE5-B7FC-AF20CADC5AAB}.Release|Any CPU.ActiveCfg = Release|Any CPU
		{FCB11BFE-1369-4CE5-B7FC-AF20CADC5AAB}.Release|Any CPU.Build.0 = Release|Any CPU
	EndGlobalSection
	GlobalSection(SolutionProperties) = preSolution
		HideSolutionNode = FALSE
	EndGlobalSection
	GlobalSection(ExtensibilityGlobals) = postSolution
		SolutionGuid = {EE3A8B4A-68F7-498C-8F8F-BAE7A7D737BF}
	EndGlobalSection
EndGlobal
